
Microsoft Visual Studio Solution File, Format Version 12.00
# Visual Studio Version 18
VisualStudioVersion = 18.0.11104.47 d18.0
MinimumVisualStudioVersion = 10.0.40219.1
Project("{2150E333-8FDC-42A3-9474-1A3956D46DE8}") = "src", "src", "{0188265F-29EB-4A1C-8945-54A28EC67CEE}"
EndProject
Project("{2150E333-8FDC-42A3-9474-1A3956D46DE8}") = "test", "test", "{C6741A6F-8617-4115-87C8-BC8562130690}"
EndProject
Project("{FAE04EC0-301F-11D3-BF4B-00C04F79EFBC}") = "Vicgital.HtmlToPdfGenerator.Service", "src\Vicgital.HtmlToPdfGenerator.Service\Vicgital.HtmlToPdfGenerator.Service.csproj", "{6BEECB34-6C74-4159-BC98-AAB4BF976438}"
EndProject
Project("{FAE04EC0-301F-11D3-BF4B-00C04F79EFBC}") = "Vicgital.HtmlToPdfGenerator.Service.Definition", "src\Vicgital.HtmlToPdfGenerator.Service.Definition\Vicgital.HtmlToPdfGenerator.Service.Definition.csproj", "{BEE773E1-EA93-4B20-9B8B-71B4BBAB64D8}"
EndProject
Project("{FAE04EC0-301F-11D3-BF4B-00C04F79EFBC}") = "Vicgital.HtmlToPdfGenerator.Business", "src\Vicgital.HtmlToPdfGenerator.Business\Vicgital.HtmlToPdfGenerator.Business.csproj", "{70658D79-6F07-4E96-AEA4-E362F22B3576}"
EndProject
Project("{2150E333-8FDC-42A3-9474-1A3956D46DE8}") = "devops", "devops", "{EFD3A9AB-CAFD-476B-8404-FF58CDC802F5}"
	ProjectSection(SolutionItems) = preProject
		build-push-docker-image.yml = build-push-docker-image.yml
		Dockerfile = Dockerfile
		nuget.config = nuget.config
	EndProjectSection
EndProject
Global
	GlobalSection(SolutionConfigurationPlatforms) = preSolution
		Debug|Any CPU = Debug|Any CPU
		Release|Any CPU = Release|Any CPU
	EndGlobalSection
	GlobalSection(ProjectConfigurationPlatforms) = postSolution
		{6BEECB34-6C74-4159-BC98-AAB4BF976438}.Debug|Any CPU.ActiveCfg = Debug|Any CPU
		{6BEECB34-6C74-4159-BC98-AAB4BF976438}.Debug|Any CPU.Build.0 = Debug|Any CPU
		{6BEECB34-6C74-4159-BC98-AAB4BF976438}.Release|Any CPU.ActiveCfg = Release|Any CPU
		{6BEECB34-6C74-4159-BC98-AAB4BF976438}.Release|Any CPU.Build.0 = Release|Any CPU
		{BEE773E1-EA93-4B20-9B8B-71B4BBAB64D8}.Debug|Any CPU.ActiveCfg = Debug|Any CPU
		{BEE773E1-EA93-4B20-9B8B-71B4BBAB64D8}.Debug|Any CPU.Build.0 = Debug|Any CPU
		{BEE773E1-EA93-4B20-9B8B-71B4BBAB64D8}.Release|Any CPU.ActiveCfg = Release|Any CPU
		{BEE773E1-EA93-4B20-9B8B-71B4BBAB64D8}.Release|Any CPU.Build.0 = Release|Any CPU
		{70658D79-6F07-4E96-AEA4-E362F22B3576}.Debug|Any CPU.ActiveCfg = Debug|Any CPU
		{70658D79-6F07-4E96-AEA4-E362F22B3576}.Debug|Any CPU.Build.0 = Debug|Any CPU
		{70658D79-6F07-4E96-AEA4-E362F22B3576}.Release|Any CPU.ActiveCfg = Release|Any CPU
		{70658D79-6F07-4E96-AEA4-E362F22B3576}.Release|Any CPU.Build.0 = Release|Any CPU
	EndGlobalSection
	GlobalSection(SolutionProperties) = preSolution
		HideSolutionNode = FALSE
	EndGlobalSection
	GlobalSection(NestedProjects) = preSolution
		{6BEECB34-6C74-4159-BC98-AAB4BF976438} = {0188265F-29EB-4A1C-8945-54A28EC67CEE}
		{BEE773E1-EA93-4B20-9B8B-71B4BBAB64D8} = {0188265F-29EB-4A1C-8945-54A28EC67CEE}
		{70658D79-6F07-4E96-AEA4-E362F22B3576} = {0188265F-29EB-4A1C-8945-54A28EC67CEE}
	EndGlobalSection
	GlobalSection(ExtensibilityGlobals) = postSolution
		SolutionGuid = {6AA31C49-FD9C-48D4-A80C-079472510E63}
	EndGlobalSection
EndGlobal
